
Microsoft Visual Studio Solution File, Format Version 12.00
# Visual Studio Version 17
VisualStudioVersion = 17.1.32421.90
MinimumVisualStudioVersion = 10.0.40219.1
Project("{9A19103F-16F7-4668-BE54-9A1E7A4F7556}") = "Layer", "Layer\Layer.csproj", "{D6EFE279-B000-404A-B7D3-B582BB72ABC1}"
EndProject
Project("{FAE04EC0-301F-11D3-BF4B-00C04F79EFBC}") = "Refactor", "Refactor\Refactor.csproj", "{BEFA74AB-BAEC-4761-A393-212774233DA0}"
EndProject
Global
	GlobalSection(SolutionConfigurationPlatforms) = preSolution
		Debug|Any CPU = Debug|Any CPU
		Release|Any CPU = Release|Any CPU
	EndGlobalSection
	GlobalSection(ProjectConfigurationPlatforms) = postSolution
		{D6EFE279-B000-404A-B7D3-B582BB72ABC1}.Debug|Any CPU.ActiveCfg = Debug|Any CPU
		{D6EFE279-B000-404A-B7D3-B582BB72ABC1}.Debug|Any CPU.Build.0 = Debug|Any CPU
		{D6EFE279-B000-404A-B7D3-B582BB72ABC1}.Release|Any CPU.ActiveCfg = Release|Any CPU
		{D6EFE279-B000-404A-B7D3-B582BB72ABC1}.Release|Any CPU.Build.0 = Release|Any CPU
		{BEFA74AB-BAEC-4761-A393-212774233DA0}.Debug|Any CPU.ActiveCfg = Debug|Any CPU
		{BEFA74AB-BAEC-4761-A393-212774233DA0}.Debug|Any CPU.Build.0 = Debug|Any CPU
		{BEFA74AB-BAEC-4761-A393-212774233DA0}.Release|Any CPU.ActiveCfg = Release|Any CPU
		{BEFA74AB-BAEC-4761-A393-212774233DA0}.Release|Any CPU.Build.0 = Release|Any CPU
	EndGlobalSection
	GlobalSection(SolutionProperties) = preSolution
		HideSolutionNode = FALSE
	EndGlobalSection
	GlobalSection(ExtensibilityGlobals) = postSolution
		SolutionGuid = {BA06337E-BA63-4049-AAC8-288F1F293227}
	EndGlobalSection
EndGlobal
